
Microsoft Visual Studio Solution File, Format Version 12.00
# Visual Studio 15
Project("{FAE04EC0-301F-11D3-BF4B-00C04F79EFBC}") = "Assembly-CSharp", "Assembly-CSharp.csproj", "{502FB990-A0D1-F34E-1475-E322301EEEE9}"
EndProject
Project("{FAE04EC0-301F-11D3-BF4B-00C04F79EFBC}") = "Assembly-CSharp-Editor", "Assembly-CSharp-Editor.csproj", "{0511880D-4E44-8D51-80BF-255B4F5FBC3D}"
EndProject
Global
	GlobalSection(SolutionConfigurationPlatforms) = preSolution
		Debug|Any CPU = Debug|Any CPU
		Release|Any CPU = Release|Any CPU
	EndGlobalSection
	GlobalSection(ProjectConfigurationPlatforms) = postSolution
		{502FB990-A0D1-F34E-1475-E322301EEEE9}.Debug|Any CPU.ActiveCfg = Debug|Any CPU
		{502FB990-A0D1-F34E-1475-E322301EEEE9}.Debug|Any CPU.Build.0 = Debug|Any CPU
		{502FB990-A0D1-F34E-1475-E322301EEEE9}.Release|Any CPU.ActiveCfg = Release|Any CPU
		{502FB990-A0D1-F34E-1475-E322301EEEE9}.Release|Any CPU.Build.0 = Release|Any CPU
		{0511880D-4E44-8D51-80BF-255B4F5FBC3D}.Debug|Any CPU.ActiveCfg = Debug|Any CPU
		{0511880D-4E44-8D51-80BF-255B4F5FBC3D}.Debug|Any CPU.Build.0 = Debug|Any CPU
		{0511880D-4E44-8D51-80BF-255B4F5FBC3D}.Release|Any CPU.ActiveCfg = Release|Any CPU
		{0511880D-4E44-8D51-80BF-255B4F5FBC3D}.Release|Any CPU.Build.0 = Release|Any CPU
	EndGlobalSection
	GlobalSection(SolutionProperties) = preSolution
		HideSolutionNode = FALSE
	EndGlobalSection
EndGlobal
